
Microsoft Visual Studio Solution File, Format Version 12.00
# Visual Studio 2013
VisualStudioVersion = 12.0.31101.0
MinimumVisualStudioVersion = 10.0.40219.1
Project("{FAE04EC0-301F-11D3-BF4B-00C04F79EFBC}") = "VideoLib.WebUI", "VideoLib.WebUI\VideoLib.WebUI.csproj", "{130CDDFD-FE8C-42E6-BB38-D0481E587872}"
EndProject
Project("{FAE04EC0-301F-11D3-BF4B-00C04F79EFBC}") = "VideoLib.Domian", "VideoLib.Domian\VideoLib.Domian.csproj", "{38A8A1A8-E47C-4318-AE49-1B14F9C028A7}"
EndProject
Global
	GlobalSection(SolutionConfigurationPlatforms) = preSolution
		Debug|Any CPU = Debug|Any CPU
		Release|Any CPU = Release|Any CPU
	EndGlobalSection
	GlobalSection(ProjectConfigurationPlatforms) = postSolution
		{130CDDFD-FE8C-42E6-BB38-D0481E587872}.Debug|Any CPU.ActiveCfg = Debug|Any CPU
		{130CDDFD-FE8C-42E6-BB38-D0481E587872}.Debug|Any CPU.Build.0 = Debug|Any CPU
		{130CDDFD-FE8C-42E6-BB38-D0481E587872}.Release|Any CPU.ActiveCfg = Release|Any CPU
		{130CDDFD-FE8C-42E6-BB38-D0481E587872}.Release|Any CPU.Build.0 = Release|Any CPU
		{38A8A1A8-E47C-4318-AE49-1B14F9C028A7}.Debug|Any CPU.ActiveCfg = Debug|Any CPU
		{38A8A1A8-E47C-4318-AE49-1B14F9C028A7}.Debug|Any CPU.Build.0 = Debug|Any CPU
		{38A8A1A8-E47C-4318-AE49-1B14F9C028A7}.Release|Any CPU.ActiveCfg = Release|Any CPU
		{38A8A1A8-E47C-4318-AE49-1B14F9C028A7}.Release|Any CPU.Build.0 = Release|Any CPU
	EndGlobalSection
	GlobalSection(SolutionProperties) = preSolution
		HideSolutionNode = FALSE
	EndGlobalSection
EndGlobal
